
Microsoft Visual Studio Solution File, Format Version 12.00
# Visual Studio Version 17
VisualStudioVersion = 17.11.35219.272
MinimumVisualStudioVersion = 10.0.40219.1
Project("{FAE04EC0-301F-11D3-BF4B-00C04F79EFBC}") = "Ex_6", "Ex_6\Ex_6.csproj", "{B1CDED73-1FE3-4BA0-9D8E-33D3FBFED33C}"
EndProject
Global
	GlobalSection(SolutionConfigurationPlatforms) = preSolution
		Debug|Any CPU = Debug|Any CPU
		Release|Any CPU = Release|Any CPU
	EndGlobalSection
	GlobalSection(ProjectConfigurationPlatforms) = postSolution
		{B1CDED73-1FE3-4BA0-9D8E-33D3FBFED33C}.Debug|Any CPU.ActiveCfg = Debug|Any CPU
		{B1CDED73-1FE3-4BA0-9D8E-33D3FBFED33C}.Debug|Any CPU.Build.0 = Debug|Any CPU
		{B1CDED73-1FE3-4BA0-9D8E-33D3FBFED33C}.Release|Any CPU.ActiveCfg = Release|Any CPU
		{B1CDED73-1FE3-4BA0-9D8E-33D3FBFED33C}.Release|Any CPU.Build.0 = Release|Any CPU
	EndGlobalSection
	GlobalSection(SolutionProperties) = preSolution
		HideSolutionNode = FALSE
	EndGlobalSection
	GlobalSection(ExtensibilityGlobals) = postSolution
		SolutionGuid = {B2738C52-8C0B-4207-87A4-F25DA8F90F12}
	EndGlobalSection
EndGlobal
